
Microsoft Visual Studio Solution File, Format Version 12.00
# Visual Studio Version 17
VisualStudioVersion = 17.7.34003.232
MinimumVisualStudioVersion = 10.0.40219.1
Project("{FAE04EC0-301F-11D3-BF4B-00C04F79EFBC}") = "AreaCalculator", "AreaCalculator\AreaCalculator.csproj", "{0153336F-AF6A-409F-B6C6-29E16B6A67A6}"
EndProject
Project("{FAE04EC0-301F-11D3-BF4B-00C04F79EFBC}") = "Application", "Application\Application.csproj", "{BA3A6082-0D42-41B2-82B3-34CB295FFDB8}"
EndProject
Project("{FAE04EC0-301F-11D3-BF4B-00C04F79EFBC}") = "AreaCalculatorTests", "AreaCalculatorTests\AreaCalculatorTests.csproj", "{4606F9ED-2058-450D-9362-0061CE5711A4}"
EndProject
Global
	GlobalSection(SolutionConfigurationPlatforms) = preSolution
		Debug|Any CPU = Debug|Any CPU
		Release|Any CPU = Release|Any CPU
	EndGlobalSection
	GlobalSection(ProjectConfigurationPlatforms) = postSolution
		{0153336F-AF6A-409F-B6C6-29E16B6A67A6}.Debug|Any CPU.ActiveCfg = Debug|Any CPU
		{0153336F-AF6A-409F-B6C6-29E16B6A67A6}.Debug|Any CPU.Build.0 = Debug|Any CPU
		{0153336F-AF6A-409F-B6C6-29E16B6A67A6}.Release|Any CPU.ActiveCfg = Release|Any CPU
		{0153336F-AF6A-409F-B6C6-29E16B6A67A6}.Release|Any CPU.Build.0 = Release|Any CPU
		{BA3A6082-0D42-41B2-82B3-34CB295FFDB8}.Debug|Any CPU.ActiveCfg = Debug|Any CPU
		{BA3A6082-0D42-41B2-82B3-34CB295FFDB8}.Debug|Any CPU.Build.0 = Debug|Any CPU
		{BA3A6082-0D42-41B2-82B3-34CB295FFDB8}.Release|Any CPU.ActiveCfg = Release|Any CPU
		{BA3A6082-0D42-41B2-82B3-34CB295FFDB8}.Release|Any CPU.Build.0 = Release|Any CPU
		{4606F9ED-2058-450D-9362-0061CE5711A4}.Debug|Any CPU.ActiveCfg = Debug|Any CPU
		{4606F9ED-2058-450D-9362-0061CE5711A4}.Debug|Any CPU.Build.0 = Debug|Any CPU
		{4606F9ED-2058-450D-9362-0061CE5711A4}.Release|Any CPU.ActiveCfg = Release|Any CPU
		{4606F9ED-2058-450D-9362-0061CE5711A4}.Release|Any CPU.Build.0 = Release|Any CPU
	EndGlobalSection
	GlobalSection(SolutionProperties) = preSolution
		HideSolutionNode = FALSE
	EndGlobalSection
	GlobalSection(ExtensibilityGlobals) = postSolution
		SolutionGuid = {36332F0E-BC5E-4189-B6FC-683A570BCF2C}
	EndGlobalSection
EndGlobal
